
Microsoft Visual Studio Solution File, Format Version 12.00
# Visual Studio Version 17
VisualStudioVersion = 17.3.32825.248
MinimumVisualStudioVersion = 10.0.40219.1
Project("{8BC9CEB8-8B4A-11D0-8D11-00A0C91BC942}") = "Project2", "Project2\Project2.vcxproj", "{150146BF-C86E-4929-A0CA-62B320405186}"
EndProject
Global
	GlobalSection(SolutionConfigurationPlatforms) = preSolution
		Debug|x64 = Debug|x64
		Debug|x86 = Debug|x86
		Release|x64 = Release|x64
		Release|x86 = Release|x86
	EndGlobalSection
	GlobalSection(ProjectConfigurationPlatforms) = postSolution
		{150146BF-C86E-4929-A0CA-62B320405186}.Debug|x64.ActiveCfg = Debug|x64
		{150146BF-C86E-4929-A0CA-62B320405186}.Debug|x64.Build.0 = Debug|x64
		{150146BF-C86E-4929-A0CA-62B320405186}.Debug|x86.ActiveCfg = Debug|Win32
		{150146BF-C86E-4929-A0CA-62B320405186}.Debug|x86.Build.0 = Debug|Win32
		{150146BF-C86E-4929-A0CA-62B320405186}.Release|x64.ActiveCfg = Release|x64
		{150146BF-C86E-4929-A0CA-62B320405186}.Release|x64.Build.0 = Release|x64
		{150146BF-C86E-4929-A0CA-62B320405186}.Release|x86.ActiveCfg = Release|Win32
		{150146BF-C86E-4929-A0CA-62B320405186}.Release|x86.Build.0 = Release|Win32
	EndGlobalSection
	GlobalSection(SolutionProperties) = preSolution
		HideSolutionNode = FALSE
	EndGlobalSection
	GlobalSection(ExtensibilityGlobals) = postSolution
		SolutionGuid = {E371B563-6CF1-4D84-A8F9-58DCEF82EA8A}
	EndGlobalSection
EndGlobal
